
Microsoft Visual Studio Solution File, Format Version 12.00
# Visual Studio Version 16
VisualStudioVersion = 16.0.29519.181
MinimumVisualStudioVersion = 10.0.40219.1
Project("{FAE04EC0-301F-11D3-BF4B-00C04F79EFBC}") = "ConsoleApp1", "ConsoleApp1\ConsoleApp1.csproj", "{22B620A1-081B-4E6E-8C64-C1DC9BD71B22}"
EndProject
Global
	GlobalSection(SolutionConfigurationPlatforms) = preSolution
		Debug|Any CPU = Debug|Any CPU
		Release|Any CPU = Release|Any CPU
	EndGlobalSection
	GlobalSection(ProjectConfigurationPlatforms) = postSolution
		{22B620A1-081B-4E6E-8C64-C1DC9BD71B22}.Debug|Any CPU.ActiveCfg = Debug|Any CPU
		{22B620A1-081B-4E6E-8C64-C1DC9BD71B22}.Debug|Any CPU.Build.0 = Debug|Any CPU
		{22B620A1-081B-4E6E-8C64-C1DC9BD71B22}.Release|Any CPU.ActiveCfg = Release|Any CPU
		{22B620A1-081B-4E6E-8C64-C1DC9BD71B22}.Release|Any CPU.Build.0 = Release|Any CPU
	EndGlobalSection
	GlobalSection(SolutionProperties) = preSolution
		HideSolutionNode = FALSE
	EndGlobalSection
	GlobalSection(ExtensibilityGlobals) = postSolution
		SolutionGuid = {FF4A8562-8279-488E-B66B-EC295935E59C}
	EndGlobalSection
EndGlobal
